schema: '2.0'
stages:
  data_split:
    cmd: python ./src/data/01_data_splitting.py
    deps:
    - path: ./data/raw_data/raw.csv
      hash: md5
      md5: 617b56af2992376d5c3e91ad80823898
      size: 333757
    - path: ./src/data/01_data_splitting.py
      hash: md5
      md5: dadfd0078617102f2ed5c07171467098
      size: 844
    outs:
    - path: ./data/processed_data/X_test.csv
      hash: md5
      md5: e0a04d92ad66d782cd4334870f1e9eb9
      size: 59853
    - path: ./data/processed_data/X_train.csv
      hash: md5
      md5: dd181565fc768acbe0436651f7b7c938
      size: 238589
    - path: ./data/processed_data/y_test.csv
      hash: md5
      md5: 97fe04fe943e54e4576b029310f03071
      size: 13860
    - path: ./data/processed_data/y_train.csv
      hash: md5
      md5: 6c6ab4a00e681c2058d2eb3a7fd00eb5
      size: 54897
  normalization:
    cmd: python ./src/data/02_data_normalization.py
    deps:
    - path: ./data/processed_data/X_test.csv
      hash: md5
      md5: e0a04d92ad66d782cd4334870f1e9eb9
      size: 59853
    - path: ./data/processed_data/X_train.csv
      hash: md5
      md5: dd181565fc768acbe0436651f7b7c938
      size: 238589
    outs:
    - path: ./data/processed_data/X_test_scaled.csv
      hash: md5
      md5: 7a2c057d22ae991d0c74a51db921e5b7
      size: 58361
    - path: ./data/processed_data/X_train_scaled.csv
      hash: md5
      md5: c40b8b72172a3f3058370caa3bae0a2a
      size: 233497
  params_grid_def:
    cmd: python ./src/data/03_params_grid.py
    outs:
    - path: ./models/param_grid.pkl
      hash: md5
      md5: a4aa53acba5cfc98337230ee9a83767a
      size: 156
  model_training:
    cmd: python ./src/data/04_model_training.py
    deps:
    - path: ./data/processed_data/X_test_scaled.csv
      hash: md5
      md5: 7a2c057d22ae991d0c74a51db921e5b7
      size: 58361
    - path: ./data/processed_data/X_train_scaled.csv
      hash: md5
      md5: c40b8b72172a3f3058370caa3bae0a2a
      size: 233497
    - path: ./data/processed_data/y_test.csv
      hash: md5
      md5: 97fe04fe943e54e4576b029310f03071
      size: 13860
    - path: ./data/processed_data/y_train.csv
      hash: md5
      md5: 6c6ab4a00e681c2058d2eb3a7fd00eb5
      size: 54897
    outs:
    - path: ./models/cv_reg_model.pkl
      hash: md5
      md5: 3a6f04abeffee05b2faef7e36b6049ba
      size: 11401513
